{
  "requires": true,
  "lockfileVersion": 1,
  "dependencies": {
    "testcarrot": {
      "version": "1.0.0",
      "resolved": "https://registry.npmjs.org/testcarrot/-/testcarrot-1.0.0.tgz",
      "integrity": "sha512-5cf6xyvIbiuYcZE3KSAagPXlnwtI+uQGDJM2zXXqtyVw3b8QizWF7wK6mEXuCyODhUA4C7qpers+3xCHhpa26w=="
    }
  }
}
